
Microsoft Visual Studio Solution File, Format Version 12.00
# Visual Studio 2012
Project("{FAE04EC0-301F-11D3-BF4B-00C04F79EFBC}") = "SCM-Repartidor", "SCM-Repartidor\SCM-Repartidor.csproj", "{2D6AF17E-0264-43BA-A502-CCDE5DBD033B}"
EndProject
Project("{FAE04EC0-301F-11D3-BF4B-00C04F79EFBC}") = "SCM-Repartidor.Droid", "Droid\SCM-Repartidor.Droid.csproj", "{6108415D-1783-4B19-A75E-501292CA3777}"
EndProject
Project("{FAE04EC0-301F-11D3-BF4B-00C04F79EFBC}") = "SCM-Repartidor.iOS", "iOS\SCM-Repartidor.iOS.csproj", "{3BA2D66F-B007-4F13-90B3-2983846EA704}"
EndProject
Global
	GlobalSection(SolutionConfigurationPlatforms) = preSolution
		Debug|Any CPU = Debug|Any CPU
		Release|Any CPU = Release|Any CPU
		Debug|iPhoneSimulator = Debug|iPhoneSimulator
		Release|iPhone = Release|iPhone
		Release|iPhoneSimulator = Release|iPhoneSimulator
		Debug|iPhone = Debug|iPhone
	EndGlobalSection
	GlobalSection(ProjectConfigurationPlatforms) = postSolution
		{2D6AF17E-0264-43BA-A502-CCDE5DBD033B}.Debug|Any CPU.ActiveCfg = Debug|Any CPU
		{2D6AF17E-0264-43BA-A502-CCDE5DBD033B}.Debug|Any CPU.Build.0 = Debug|Any CPU
		{2D6AF17E-0264-43BA-A502-CCDE5DBD033B}.Release|Any CPU.ActiveCfg = Release|Any CPU
		{2D6AF17E-0264-43BA-A502-CCDE5DBD033B}.Release|Any CPU.Build.0 = Release|Any CPU
		{2D6AF17E-0264-43BA-A502-CCDE5DBD033B}.Debug|iPhoneSimulator.ActiveCfg = Debug|Any CPU
		{2D6AF17E-0264-43BA-A502-CCDE5DBD033B}.Debug|iPhoneSimulator.Build.0 = Debug|Any CPU
		{2D6AF17E-0264-43BA-A502-CCDE5DBD033B}.Release|iPhone.ActiveCfg = Release|Any CPU
		{2D6AF17E-0264-43BA-A502-CCDE5DBD033B}.Release|iPhone.Build.0 = Release|Any CPU
		{2D6AF17E-0264-43BA-A502-CCDE5DBD033B}.Release|iPhoneSimulator.ActiveCfg = Release|Any CPU
		{2D6AF17E-0264-43BA-A502-CCDE5DBD033B}.Release|iPhoneSimulator.Build.0 = Release|Any CPU
		{2D6AF17E-0264-43BA-A502-CCDE5DBD033B}.Debug|iPhone.ActiveCfg = Debug|Any CPU
		{2D6AF17E-0264-43BA-A502-CCDE5DBD033B}.Debug|iPhone.Build.0 = Debug|Any CPU
		{6108415D-1783-4B19-A75E-501292CA3777}.Debug|Any CPU.ActiveCfg = Debug|Any CPU
		{6108415D-1783-4B19-A75E-501292CA3777}.Debug|Any CPU.Build.0 = Debug|Any CPU
		{6108415D-1783-4B19-A75E-501292CA3777}.Release|Any CPU.ActiveCfg = Release|Any CPU
		{6108415D-1783-4B19-A75E-501292CA3777}.Release|Any CPU.Build.0 = Release|Any CPU
		{6108415D-1783-4B19-A75E-501292CA3777}.Debug|iPhoneSimulator.ActiveCfg = Debug|Any CPU
		{6108415D-1783-4B19-A75E-501292CA3777}.Debug|iPhoneSimulator.Build.0 = Debug|Any CPU
		{6108415D-1783-4B19-A75E-501292CA3777}.Release|iPhone.ActiveCfg = Release|Any CPU
		{6108415D-1783-4B19-A75E-501292CA3777}.Release|iPhone.Build.0 = Release|Any CPU
		{6108415D-1783-4B19-A75E-501292CA3777}.Release|iPhoneSimulator.ActiveCfg = Release|Any CPU
		{6108415D-1783-4B19-A75E-501292CA3777}.Release|iPhoneSimulator.Build.0 = Release|Any CPU
		{6108415D-1783-4B19-A75E-501292CA3777}.Debug|iPhone.ActiveCfg = Debug|Any CPU
		{6108415D-1783-4B19-A75E-501292CA3777}.Debug|iPhone.Build.0 = Debug|Any CPU
		{3BA2D66F-B007-4F13-90B3-2983846EA704}.Debug|Any CPU.ActiveCfg = Debug|iPhoneSimulator
		{3BA2D66F-B007-4F13-90B3-2983846EA704}.Debug|Any CPU.Build.0 = Debug|iPhoneSimulator
		{3BA2D66F-B007-4F13-90B3-2983846EA704}.Release|Any CPU.ActiveCfg = Release|iPhone
		{3BA2D66F-B007-4F13-90B3-2983846EA704}.Release|Any CPU.Build.0 = Release|iPhone
		{3BA2D66F-B007-4F13-90B3-2983846EA704}.Debug|iPhoneSimulator.ActiveCfg = Debug|iPhoneSimulator
		{3BA2D66F-B007-4F13-90B3-2983846EA704}.Debug|iPhoneSimulator.Build.0 = Debug|iPhoneSimulator
		{3BA2D66F-B007-4F13-90B3-2983846EA704}.Release|iPhone.ActiveCfg = Release|iPhone
		{3BA2D66F-B007-4F13-90B3-2983846EA704}.Release|iPhone.Build.0 = Release|iPhone
		{3BA2D66F-B007-4F13-90B3-2983846EA704}.Release|iPhoneSimulator.ActiveCfg = Release|iPhoneSimulator
		{3BA2D66F-B007-4F13-90B3-2983846EA704}.Release|iPhoneSimulator.Build.0 = Release|iPhoneSimulator
		{3BA2D66F-B007-4F13-90B3-2983846EA704}.Debug|iPhone.ActiveCfg = Debug|iPhone
		{3BA2D66F-B007-4F13-90B3-2983846EA704}.Debug|iPhone.Build.0 = Debug|iPhone
	EndGlobalSection
EndGlobal
